
Microsoft Visual Studio Solution File, Format Version 12.00
# Visual Studio 15
VisualStudioVersion = 15.0.28307.271
MinimumVisualStudioVersion = 10.0.40219.1
Project("{FAE04EC0-301F-11D3-BF4B-00C04F79EFBC}") = "WpfAppStructure", "WpfAppStructure\WpfAppStructure.csproj", "{EAE62F62-6D05-4551-8F4C-B0924968C347}"
EndProject
Project("{FAE04EC0-301F-11D3-BF4B-00C04F79EFBC}") = "CustomTypeInXaml", "CustomTypeInXaml\CustomTypeInXaml.csproj", "{10C3094B-AEE0-4EC9-92E8-4905E8E876F6}"
EndProject
Project("{FAE04EC0-301F-11D3-BF4B-00C04F79EFBC}") = "DependencyObjectDemo", "DependencyObjectDemo\DependencyObjectDemo.csproj", "{053C866C-8A6A-4E8C-AED0-3C7C2D087FC5}"
EndProject
Project("{FAE04EC0-301F-11D3-BF4B-00C04F79EFBC}") = "PropertyInheritance", "PropertyInheritance\PropertyInheritance.csproj", "{728EE5A0-CD76-4116-AC1C-BABA70E640C4}"
EndProject
Project("{FAE04EC0-301F-11D3-BF4B-00C04F79EFBC}") = "AttachedPropertiesDemo", "AttachedPropertiesDemo\AttachedPropertiesDemo.csproj", "{21B4A130-1174-4D7D-8830-33E22C13C830}"
EndProject
Project("{FAE04EC0-301F-11D3-BF4B-00C04F79EFBC}") = "CreateAttachedProperty", "CreateAttachedProperty\CreateAttachedProperty.csproj", "{9B05FCE9-F9F4-4EB5-85FE-8548B9492AC4}"
EndProject
Project("{FAE04EC0-301F-11D3-BF4B-00C04F79EFBC}") = "StaticPropertyAccessInXaml", "StaticPropertyAccessInXaml\StaticPropertyAccessInXaml.csproj", "{854DED36-DBD3-41F9-A673-57EFE80B5E3E}"
EndProject
Project("{FAE04EC0-301F-11D3-BF4B-00C04F79EFBC}") = "CustomMarkupExtension", "CustomMarkupExtension\CustomMarkupExtension.csproj", "{4B032EE4-8969-4184-A7A6-188119079E39}"
EndProject
Project("{FAE04EC0-301F-11D3-BF4B-00C04F79EFBC}") = "RoutedEventsDemo", "RoutedEventsDemo\RoutedEventsDemo.csproj", "{CC473B70-EDCF-403A-A94C-5463BA9FD034}"
EndProject
Project("{FAE04EC0-301F-11D3-BF4B-00C04F79EFBC}") = "LogicalResourceUsage", "LogicalResourceUsage\LogicalResourceUsage.csproj", "{C8A72B56-A68E-4EC4-B3D4-C45283F49CEE}"
EndProject
Project("{FAE04EC0-301F-11D3-BF4B-00C04F79EFBC}") = "DynamicFontsDemo", "DynamicFontsDemo\DynamicFontsDemo.csproj", "{17939A20-B211-45D0-91B7-F4851EF8C89A}"
EndProject
Global
	GlobalSection(SolutionConfigurationPlatforms) = preSolution
		Debug|Any CPU = Debug|Any CPU
		Release|Any CPU = Release|Any CPU
	EndGlobalSection
	GlobalSection(ProjectConfigurationPlatforms) = postSolution
		{EAE62F62-6D05-4551-8F4C-B0924968C347}.Debug|Any CPU.ActiveCfg = Debug|Any CPU
		{EAE62F62-6D05-4551-8F4C-B0924968C347}.Debug|Any CPU.Build.0 = Debug|Any CPU
		{EAE62F62-6D05-4551-8F4C-B0924968C347}.Release|Any CPU.ActiveCfg = Release|Any CPU
		{EAE62F62-6D05-4551-8F4C-B0924968C347}.Release|Any CPU.Build.0 = Release|Any CPU
		{10C3094B-AEE0-4EC9-92E8-4905E8E876F6}.Debug|Any CPU.ActiveCfg = Debug|Any CPU
		{10C3094B-AEE0-4EC9-92E8-4905E8E876F6}.Debug|Any CPU.Build.0 = Debug|Any CPU
		{10C3094B-AEE0-4EC9-92E8-4905E8E876F6}.Release|Any CPU.ActiveCfg = Release|Any CPU
		{10C3094B-AEE0-4EC9-92E8-4905E8E876F6}.Release|Any CPU.Build.0 = Release|Any CPU
		{053C866C-8A6A-4E8C-AED0-3C7C2D087FC5}.Debug|Any CPU.ActiveCfg = Debug|Any CPU
		{053C866C-8A6A-4E8C-AED0-3C7C2D087FC5}.Debug|Any CPU.Build.0 = Debug|Any CPU
		{053C866C-8A6A-4E8C-AED0-3C7C2D087FC5}.Release|Any CPU.ActiveCfg = Release|Any CPU
		{053C866C-8A6A-4E8C-AED0-3C7C2D087FC5}.Release|Any CPU.Build.0 = Release|Any CPU
		{728EE5A0-CD76-4116-AC1C-BABA70E640C4}.Debug|Any CPU.ActiveCfg = Debug|Any CPU
		{728EE5A0-CD76-4116-AC1C-BABA70E640C4}.Debug|Any CPU.Build.0 = Debug|Any CPU
		{728EE5A0-CD76-4116-AC1C-BABA70E640C4}.Release|Any CPU.ActiveCfg = Release|Any CPU
		{728EE5A0-CD76-4116-AC1C-BABA70E640C4}.Release|Any CPU.Build.0 = Release|Any CPU
		{21B4A130-1174-4D7D-8830-33E22C13C830}.Debug|Any CPU.ActiveCfg = Debug|Any CPU
		{21B4A130-1174-4D7D-8830-33E22C13C830}.Debug|Any CPU.Build.0 = Debug|Any CPU
		{21B4A130-1174-4D7D-8830-33E22C13C830}.Release|Any CPU.ActiveCfg = Release|Any CPU
		{21B4A130-1174-4D7D-8830-33E22C13C830}.Release|Any CPU.Build.0 = Release|Any CPU
		{9B05FCE9-F9F4-4EB5-85FE-8548B9492AC4}.Debug|Any CPU.ActiveCfg = Debug|Any CPU
		{9B05FCE9-F9F4-4EB5-85FE-8548B9492AC4}.Debug|Any CPU.Build.0 = Debug|Any CPU
		{9B05FCE9-F9F4-4EB5-85FE-8548B9492AC4}.Release|Any CPU.ActiveCfg = Release|Any CPU
		{9B05FCE9-F9F4-4EB5-85FE-8548B9492AC4}.Release|Any CPU.Build.0 = Release|Any CPU
		{854DED36-DBD3-41F9-A673-57EFE80B5E3E}.Debug|Any CPU.ActiveCfg = Debug|Any CPU
		{854DED36-DBD3-41F9-A673-57EFE80B5E3E}.Debug|Any CPU.Build.0 = Debug|Any CPU
		{854DED36-DBD3-41F9-A673-57EFE80B5E3E}.Release|Any CPU.ActiveCfg = Release|Any CPU
		{854DED36-DBD3-41F9-A673-57EFE80B5E3E}.Release|Any CPU.Build.0 = Release|Any CPU
		{4B032EE4-8969-4184-A7A6-188119079E39}.Debug|Any CPU.ActiveCfg = Debug|Any CPU
		{4B032EE4-8969-4184-A7A6-188119079E39}.Debug|Any CPU.Build.0 = Debug|Any CPU
		{4B032EE4-8969-4184-A7A6-188119079E39}.Release|Any CPU.ActiveCfg = Release|Any CPU
		{4B032EE4-8969-4184-A7A6-188119079E39}.Release|Any CPU.Build.0 = Release|Any CPU
		{CC473B70-EDCF-403A-A94C-5463BA9FD034}.Debug|Any CPU.ActiveCfg = Debug|Any CPU
		{CC473B70-EDCF-403A-A94C-5463BA9FD034}.Debug|Any CPU.Build.0 = Debug|Any CPU
		{CC473B70-EDCF-403A-A94C-5463BA9FD034}.Release|Any CPU.ActiveCfg = Release|Any CPU
		{CC473B70-EDCF-403A-A94C-5463BA9FD034}.Release|Any CPU.Build.0 = Release|Any CPU
		{C8A72B56-A68E-4EC4-B3D4-C45283F49CEE}.Debug|Any CPU.ActiveCfg = Debug|Any CPU
		{C8A72B56-A68E-4EC4-B3D4-C45283F49CEE}.Debug|Any CPU.Build.0 = Debug|Any CPU
		{C8A72B56-A68E-4EC4-B3D4-C45283F49CEE}.Release|Any CPU.ActiveCfg = Release|Any CPU
		{C8A72B56-A68E-4EC4-B3D4-C45283F49CEE}.Release|Any CPU.Build.0 = Release|Any CPU
		{17939A20-B211-45D0-91B7-F4851EF8C89A}.Debug|Any CPU.ActiveCfg = Debug|Any CPU
		{17939A20-B211-45D0-91B7-F4851EF8C89A}.Debug|Any CPU.Build.0 = Debug|Any CPU
		{17939A20-B211-45D0-91B7-F4851EF8C89A}.Release|Any CPU.ActiveCfg = Release|Any CPU
		{17939A20-B211-45D0-91B7-F4851EF8C89A}.Release|Any CPU.Build.0 = Release|Any CPU
	EndGlobalSection
	GlobalSection(SolutionProperties) = preSolution
		HideSolutionNode = FALSE
	EndGlobalSection
	GlobalSection(ExtensibilityGlobals) = postSolution
		SolutionGuid = {D9E2930C-C127-427B-B482-59F46C41E5DB}
	EndGlobalSection
EndGlobal
