
Microsoft Visual Studio Solution File, Format Version 12.00
# Visual Studio 15
VisualStudioVersion = 15.0.28307.271
MinimumVisualStudioVersion = 10.0.40219.1
Project("{FAE04EC0-301F-11D3-BF4B-00C04F79EFBC}") = "WpfAppStructure", "WpfAppStructure\WpfAppStructure.csproj", "{EAE62F62-6D05-4551-8F4C-B0924968C347}"
EndProject
Project("{FAE04EC0-301F-11D3-BF4B-00C04F79EFBC}") = "CustomTypeInXaml", "CustomTypeInXaml\CustomTypeInXaml.csproj", "{10C3094B-AEE0-4EC9-92E8-4905E8E876F6}"
EndProject
Project("{FAE04EC0-301F-11D3-BF4B-00C04F79EFBC}") = "DependencyObjectDemo", "DependencyObjectDemo\DependencyObjectDemo.csproj", "{053C866C-8A6A-4E8C-AED0-3C7C2D087FC5}"
EndProject
Project("{FAE04EC0-301F-11D3-BF4B-00C04F79EFBC}") = "PropertyInheritance", "PropertyInheritance\PropertyInheritance.csproj", "{728EE5A0-CD76-4116-AC1C-BABA70E640C4}"
EndProject
Project("{FAE04EC0-301F-11D3-BF4B-00C04F79EFBC}") = "AttachedPropertiesDemo", "AttachedPropertiesDemo\AttachedPropertiesDemo.csproj", "{21B4A130-1174-4D7D-8830-33E22C13C830}"
EndProject
Project("{FAE04EC0-301F-11D3-BF4B-00C04F79EFBC}") = "CreateAttachedProperty", "CreateAttachedProperty\CreateAttachedProperty.csproj", "{9B05FCE9-F9F4-4EB5-85FE-8548B9492AC4}"
EndProject
Project("{FAE04EC0-301F-11D3-BF4B-00C04F79EFBC}") = "StaticPropertyAccessInXaml", "StaticPropertyAccessInXaml\StaticPropertyAccessInXaml.csproj", "{854DED36-DBD3-41F9-A673-57EFE80B5E3E}"
EndProject
Project("{FAE04EC0-301F-11D3-BF4B-00C04F79EFBC}") = "CustomMarkupExtension", "CustomMarkupExtension\CustomMarkupExtension.csproj", "{4B032EE4-8969-4184-A7A6-188119079E39}"
EndProject
Project("{FAE04EC0-301F-11D3-BF4B-00C04F79EFBC}") = "RoutedEventsDemo", "RoutedEventsDemo\RoutedEventsDemo.csproj", "{CC473B70-EDCF-403A-A94C-5463BA9FD034}"
EndProject
Project("{FAE04EC0-301F-11D3-BF4B-00C04F79EFBC}") = "LogicalResourceUsage", "LogicalResourceUsage\LogicalResourceUsage.csproj", "{C8A72B56-A68E-4EC4-B3D4-C45283F49CEE}"
EndProject
Project("{FAE04EC0-301F-11D3-BF4B-00C04F79EFBC}") = "DynamicFontsDemo", "DynamicFontsDemo\DynamicFontsDemo.csproj", "{17939A20-B211-45D0-91B7-F4851EF8C89A}"
EndProject
Project("{FAE04EC0-301F-11D3-BF4B-00C04F79EFBC}") = "BinaryResourcesDemo", "BinaryResourcesDemo\BinaryResourcesDemo.csproj", "{C6E97505-96BE-45BF-A059-85C3F8E5D8D6}"
EndProject
Project("{FAE04EC0-301F-11D3-BF4B-00C04F79EFBC}") = "BinaryResourceAccessInCode", "BinaryResourceAccessInCode\BinaryResourceAccessInCode.csproj", "{DAC9AD0D-E057-4BE8-BFD3-81941A77537F}"
EndProject
Project("{FAE04EC0-301F-11D3-BF4B-00C04F79EFBC}") = "ResourceManagement", "ResourceManagement\ResourceManagement.csproj", "{EA47FFD3-EB76-41D2-B386-CA970BA5065A}"
EndProject
Project("{FAE04EC0-301F-11D3-BF4B-00C04F79EFBC}") = "GridLayoutDemo", "GridLayoutDemo\GridLayoutDemo.csproj", "{E9195563-FEF1-4564-B43D-91AD15D3E624}"
EndProject
Project("{FAE04EC0-301F-11D3-BF4B-00C04F79EFBC}") = "SharedRowColumnSizeDemo", "SharedRowColumnSizeDemo\SharedRowColumnSizeDemo.csproj", "{1F63C8BC-0D4E-4B4A-A0C2-CD660B488AE3}"
EndProject
Project("{FAE04EC0-301F-11D3-BF4B-00C04F79EFBC}") = "UniformGridDemo", "UniformGridDemo\UniformGridDemo.csproj", "{ED493644-6F7B-449F-B8FC-92D505A6CABD}"
EndProject
Project("{FAE04EC0-301F-11D3-BF4B-00C04F79EFBC}") = "GridSplitterDemo", "GridSplitterDemo\GridSplitterDemo.csproj", "{AE14997B-BBF4-424D-955B-53A8F82CC922}"
EndProject
Project("{FAE04EC0-301F-11D3-BF4B-00C04F79EFBC}") = "ScrollViewerDemo", "ScrollViewerDemo\ScrollViewerDemo.csproj", "{7D5E3E50-DED2-4D36-B394-BD6B94C28883}"
EndProject
Project("{FAE04EC0-301F-11D3-BF4B-00C04F79EFBC}") = "AddRemoveElemonts", "AddRemoveElemonts\AddRemoveElemonts.csproj", "{657CFB9C-20FE-4CAD-9DE0-F513CDCEAA82}"
EndProject
Project("{FAE04EC0-301F-11D3-BF4B-00C04F79EFBC}") = "TabControlDemo", "TabControlDemo\TabControlDemo.csproj", "{F93D5F4D-7EAE-4DCB-83F9-B722F589CB67}"
EndProject
Project("{FAE04EC0-301F-11D3-BF4B-00C04F79EFBC}") = "DragAndDropDemo", "DragAndDropDemo\DragAndDropDemo.csproj", "{CD3A91C2-DD70-4A29-8620-4A4750407D8D}"
EndProject
Project("{FAE04EC0-301F-11D3-BF4B-00C04F79EFBC}") = "ControlsDemo", "ControlsDemo\ControlsDemo.csproj", "{179FB20E-504E-433E-A876-E6A6F3128397}"
EndProject
Project("{FAE04EC0-301F-11D3-BF4B-00C04F79EFBC}") = "HeaderControldDemo", "HeaderControldDemo\HeaderControldDemo.csproj", "{128A9FF4-4B83-462B-A387-5CA0127BEB9F}"
EndProject
Project("{FAE04EC0-301F-11D3-BF4B-00C04F79EFBC}") = "SimpleDataBinding", "SimpleDataBinding\SimpleDataBinding.csproj", "{D8AC1432-1000-4075-B6AB-5FD5A00B4EC2}"
EndProject
Project("{FAE04EC0-301F-11D3-BF4B-00C04F79EFBC}") = "TwoWayBindingDemo", "TwoWayBindingDemo\TwoWayBindingDemo.csproj", "{582264EB-DD83-43FA-92F6-26241AA1C774}"
EndProject
Project("{FAE04EC0-301F-11D3-BF4B-00C04F79EFBC}") = "ChangeNotificationDemo", "ChangeNotificationDemo\ChangeNotificationDemo.csproj", "{33FD86D8-99A5-4EF0-905F-D3485F7169B5}"
EndProject
Project("{FAE04EC0-301F-11D3-BF4B-00C04F79EFBC}") = "CollectionBindingDemo", "CollectionBindingDemo\CollectionBindingDemo.csproj", "{CEDAF6E9-D8D3-4509-8E41-CD7AB724C9D9}"
EndProject
Project("{FAE04EC0-301F-11D3-BF4B-00C04F79EFBC}") = "DataTemplateDemo", "DataTemplateDemo\DataTemplateDemo.csproj", "{77E87155-A4FD-459B-846E-B921E48D26DD}"
EndProject
Global
	GlobalSection(SolutionConfigurationPlatforms) = preSolution
		Debug|Any CPU = Debug|Any CPU
		Release|Any CPU = Release|Any CPU
	EndGlobalSection
	GlobalSection(ProjectConfigurationPlatforms) = postSolution
		{EAE62F62-6D05-4551-8F4C-B0924968C347}.Debug|Any CPU.ActiveCfg = Debug|Any CPU
		{EAE62F62-6D05-4551-8F4C-B0924968C347}.Debug|Any CPU.Build.0 = Debug|Any CPU
		{EAE62F62-6D05-4551-8F4C-B0924968C347}.Release|Any CPU.ActiveCfg = Release|Any CPU
		{EAE62F62-6D05-4551-8F4C-B0924968C347}.Release|Any CPU.Build.0 = Release|Any CPU
		{10C3094B-AEE0-4EC9-92E8-4905E8E876F6}.Debug|Any CPU.ActiveCfg = Debug|Any CPU
		{10C3094B-AEE0-4EC9-92E8-4905E8E876F6}.Debug|Any CPU.Build.0 = Debug|Any CPU
		{10C3094B-AEE0-4EC9-92E8-4905E8E876F6}.Release|Any CPU.ActiveCfg = Release|Any CPU
		{10C3094B-AEE0-4EC9-92E8-4905E8E876F6}.Release|Any CPU.Build.0 = Release|Any CPU
		{053C866C-8A6A-4E8C-AED0-3C7C2D087FC5}.Debug|Any CPU.ActiveCfg = Debug|Any CPU
		{053C866C-8A6A-4E8C-AED0-3C7C2D087FC5}.Debug|Any CPU.Build.0 = Debug|Any CPU
		{053C866C-8A6A-4E8C-AED0-3C7C2D087FC5}.Release|Any CPU.ActiveCfg = Release|Any CPU
		{053C866C-8A6A-4E8C-AED0-3C7C2D087FC5}.Release|Any CPU.Build.0 = Release|Any CPU
		{728EE5A0-CD76-4116-AC1C-BABA70E640C4}.Debug|Any CPU.ActiveCfg = Debug|Any CPU
		{728EE5A0-CD76-4116-AC1C-BABA70E640C4}.Debug|Any CPU.Build.0 = Debug|Any CPU
		{728EE5A0-CD76-4116-AC1C-BABA70E640C4}.Release|Any CPU.ActiveCfg = Release|Any CPU
		{728EE5A0-CD76-4116-AC1C-BABA70E640C4}.Release|Any CPU.Build.0 = Release|Any CPU
		{21B4A130-1174-4D7D-8830-33E22C13C830}.Debug|Any CPU.ActiveCfg = Debug|Any CPU
		{21B4A130-1174-4D7D-8830-33E22C13C830}.Debug|Any CPU.Build.0 = Debug|Any CPU
		{21B4A130-1174-4D7D-8830-33E22C13C830}.Release|Any CPU.ActiveCfg = Release|Any CPU
		{21B4A130-1174-4D7D-8830-33E22C13C830}.Release|Any CPU.Build.0 = Release|Any CPU
		{9B05FCE9-F9F4-4EB5-85FE-8548B9492AC4}.Debug|Any CPU.ActiveCfg = Debug|Any CPU
		{9B05FCE9-F9F4-4EB5-85FE-8548B9492AC4}.Debug|Any CPU.Build.0 = Debug|Any CPU
		{9B05FCE9-F9F4-4EB5-85FE-8548B9492AC4}.Release|Any CPU.ActiveCfg = Release|Any CPU
		{9B05FCE9-F9F4-4EB5-85FE-8548B9492AC4}.Release|Any CPU.Build.0 = Release|Any CPU
		{854DED36-DBD3-41F9-A673-57EFE80B5E3E}.Debug|Any CPU.ActiveCfg = Debug|Any CPU
		{854DED36-DBD3-41F9-A673-57EFE80B5E3E}.Debug|Any CPU.Build.0 = Debug|Any CPU
		{854DED36-DBD3-41F9-A673-57EFE80B5E3E}.Release|Any CPU.ActiveCfg = Release|Any CPU
		{854DED36-DBD3-41F9-A673-57EFE80B5E3E}.Release|Any CPU.Build.0 = Release|Any CPU
		{4B032EE4-8969-4184-A7A6-188119079E39}.Debug|Any CPU.ActiveCfg = Debug|Any CPU
		{4B032EE4-8969-4184-A7A6-188119079E39}.Debug|Any CPU.Build.0 = Debug|Any CPU
		{4B032EE4-8969-4184-A7A6-188119079E39}.Release|Any CPU.ActiveCfg = Release|Any CPU
		{4B032EE4-8969-4184-A7A6-188119079E39}.Release|Any CPU.Build.0 = Release|Any CPU
		{CC473B70-EDCF-403A-A94C-5463BA9FD034}.Debug|Any CPU.ActiveCfg = Debug|Any CPU
		{CC473B70-EDCF-403A-A94C-5463BA9FD034}.Debug|Any CPU.Build.0 = Debug|Any CPU
		{CC473B70-EDCF-403A-A94C-5463BA9FD034}.Release|Any CPU.ActiveCfg = Release|Any CPU
		{CC473B70-EDCF-403A-A94C-5463BA9FD034}.Release|Any CPU.Build.0 = Release|Any CPU
		{C8A72B56-A68E-4EC4-B3D4-C45283F49CEE}.Debug|Any CPU.ActiveCfg = Debug|Any CPU
		{C8A72B56-A68E-4EC4-B3D4-C45283F49CEE}.Debug|Any CPU.Build.0 = Debug|Any CPU
		{C8A72B56-A68E-4EC4-B3D4-C45283F49CEE}.Release|Any CPU.ActiveCfg = Release|Any CPU
		{C8A72B56-A68E-4EC4-B3D4-C45283F49CEE}.Release|Any CPU.Build.0 = Release|Any CPU
		{17939A20-B211-45D0-91B7-F4851EF8C89A}.Debug|Any CPU.ActiveCfg = Debug|Any CPU
		{17939A20-B211-45D0-91B7-F4851EF8C89A}.Debug|Any CPU.Build.0 = Debug|Any CPU
		{17939A20-B211-45D0-91B7-F4851EF8C89A}.Release|Any CPU.ActiveCfg = Release|Any CPU
		{17939A20-B211-45D0-91B7-F4851EF8C89A}.Release|Any CPU.Build.0 = Release|Any CPU
		{C6E97505-96BE-45BF-A059-85C3F8E5D8D6}.Debug|Any CPU.ActiveCfg = Debug|Any CPU
		{C6E97505-96BE-45BF-A059-85C3F8E5D8D6}.Debug|Any CPU.Build.0 = Debug|Any CPU
		{C6E97505-96BE-45BF-A059-85C3F8E5D8D6}.Release|Any CPU.ActiveCfg = Release|Any CPU
		{C6E97505-96BE-45BF-A059-85C3F8E5D8D6}.Release|Any CPU.Build.0 = Release|Any CPU
		{DAC9AD0D-E057-4BE8-BFD3-81941A77537F}.Debug|Any CPU.ActiveCfg = Debug|Any CPU
		{DAC9AD0D-E057-4BE8-BFD3-81941A77537F}.Debug|Any CPU.Build.0 = Debug|Any CPU
		{DAC9AD0D-E057-4BE8-BFD3-81941A77537F}.Release|Any CPU.ActiveCfg = Release|Any CPU
		{DAC9AD0D-E057-4BE8-BFD3-81941A77537F}.Release|Any CPU.Build.0 = Release|Any CPU
		{EA47FFD3-EB76-41D2-B386-CA970BA5065A}.Debug|Any CPU.ActiveCfg = Debug|Any CPU
		{EA47FFD3-EB76-41D2-B386-CA970BA5065A}.Debug|Any CPU.Build.0 = Debug|Any CPU
		{EA47FFD3-EB76-41D2-B386-CA970BA5065A}.Release|Any CPU.ActiveCfg = Release|Any CPU
		{EA47FFD3-EB76-41D2-B386-CA970BA5065A}.Release|Any CPU.Build.0 = Release|Any CPU
		{E9195563-FEF1-4564-B43D-91AD15D3E624}.Debug|Any CPU.ActiveCfg = Debug|Any CPU
		{E9195563-FEF1-4564-B43D-91AD15D3E624}.Debug|Any CPU.Build.0 = Debug|Any CPU
		{E9195563-FEF1-4564-B43D-91AD15D3E624}.Release|Any CPU.ActiveCfg = Release|Any CPU
		{E9195563-FEF1-4564-B43D-91AD15D3E624}.Release|Any CPU.Build.0 = Release|Any CPU
		{1F63C8BC-0D4E-4B4A-A0C2-CD660B488AE3}.Debug|Any CPU.ActiveCfg = Debug|Any CPU
		{1F63C8BC-0D4E-4B4A-A0C2-CD660B488AE3}.Debug|Any CPU.Build.0 = Debug|Any CPU
		{1F63C8BC-0D4E-4B4A-A0C2-CD660B488AE3}.Release|Any CPU.ActiveCfg = Release|Any CPU
		{1F63C8BC-0D4E-4B4A-A0C2-CD660B488AE3}.Release|Any CPU.Build.0 = Release|Any CPU
		{ED493644-6F7B-449F-B8FC-92D505A6CABD}.Debug|Any CPU.ActiveCfg = Debug|Any CPU
		{ED493644-6F7B-449F-B8FC-92D505A6CABD}.Debug|Any CPU.Build.0 = Debug|Any CPU
		{ED493644-6F7B-449F-B8FC-92D505A6CABD}.Release|Any CPU.ActiveCfg = Release|Any CPU
		{ED493644-6F7B-449F-B8FC-92D505A6CABD}.Release|Any CPU.Build.0 = Release|Any CPU
		{AE14997B-BBF4-424D-955B-53A8F82CC922}.Debug|Any CPU.ActiveCfg = Debug|Any CPU
		{AE14997B-BBF4-424D-955B-53A8F82CC922}.Debug|Any CPU.Build.0 = Debug|Any CPU
		{AE14997B-BBF4-424D-955B-53A8F82CC922}.Release|Any CPU.ActiveCfg = Release|Any CPU
		{AE14997B-BBF4-424D-955B-53A8F82CC922}.Release|Any CPU.Build.0 = Release|Any CPU
		{7D5E3E50-DED2-4D36-B394-BD6B94C28883}.Debug|Any CPU.ActiveCfg = Debug|Any CPU
		{7D5E3E50-DED2-4D36-B394-BD6B94C28883}.Debug|Any CPU.Build.0 = Debug|Any CPU
		{7D5E3E50-DED2-4D36-B394-BD6B94C28883}.Release|Any CPU.ActiveCfg = Release|Any CPU
		{7D5E3E50-DED2-4D36-B394-BD6B94C28883}.Release|Any CPU.Build.0 = Release|Any CPU
		{657CFB9C-20FE-4CAD-9DE0-F513CDCEAA82}.Debug|Any CPU.ActiveCfg = Debug|Any CPU
		{657CFB9C-20FE-4CAD-9DE0-F513CDCEAA82}.Debug|Any CPU.Build.0 = Debug|Any CPU
		{657CFB9C-20FE-4CAD-9DE0-F513CDCEAA82}.Release|Any CPU.ActiveCfg = Release|Any CPU
		{657CFB9C-20FE-4CAD-9DE0-F513CDCEAA82}.Release|Any CPU.Build.0 = Release|Any CPU
		{F93D5F4D-7EAE-4DCB-83F9-B722F589CB67}.Debug|Any CPU.ActiveCfg = Debug|Any CPU
		{F93D5F4D-7EAE-4DCB-83F9-B722F589CB67}.Debug|Any CPU.Build.0 = Debug|Any CPU
		{F93D5F4D-7EAE-4DCB-83F9-B722F589CB67}.Release|Any CPU.ActiveCfg = Release|Any CPU
		{F93D5F4D-7EAE-4DCB-83F9-B722F589CB67}.Release|Any CPU.Build.0 = Release|Any CPU
		{CD3A91C2-DD70-4A29-8620-4A4750407D8D}.Debug|Any CPU.ActiveCfg = Debug|Any CPU
		{CD3A91C2-DD70-4A29-8620-4A4750407D8D}.Debug|Any CPU.Build.0 = Debug|Any CPU
		{CD3A91C2-DD70-4A29-8620-4A4750407D8D}.Release|Any CPU.ActiveCfg = Release|Any CPU
		{CD3A91C2-DD70-4A29-8620-4A4750407D8D}.Release|Any CPU.Build.0 = Release|Any CPU
		{179FB20E-504E-433E-A876-E6A6F3128397}.Debug|Any CPU.ActiveCfg = Debug|Any CPU
		{179FB20E-504E-433E-A876-E6A6F3128397}.Debug|Any CPU.Build.0 = Debug|Any CPU
		{179FB20E-504E-433E-A876-E6A6F3128397}.Release|Any CPU.ActiveCfg = Release|Any CPU
		{179FB20E-504E-433E-A876-E6A6F3128397}.Release|Any CPU.Build.0 = Release|Any CPU
		{128A9FF4-4B83-462B-A387-5CA0127BEB9F}.Debug|Any CPU.ActiveCfg = Debug|Any CPU
		{128A9FF4-4B83-462B-A387-5CA0127BEB9F}.Debug|Any CPU.Build.0 = Debug|Any CPU
		{128A9FF4-4B83-462B-A387-5CA0127BEB9F}.Release|Any CPU.ActiveCfg = Release|Any CPU
		{128A9FF4-4B83-462B-A387-5CA0127BEB9F}.Release|Any CPU.Build.0 = Release|Any CPU
		{D8AC1432-1000-4075-B6AB-5FD5A00B4EC2}.Debug|Any CPU.ActiveCfg = Debug|Any CPU
		{D8AC1432-1000-4075-B6AB-5FD5A00B4EC2}.Debug|Any CPU.Build.0 = Debug|Any CPU
		{D8AC1432-1000-4075-B6AB-5FD5A00B4EC2}.Release|Any CPU.ActiveCfg = Release|Any CPU
		{D8AC1432-1000-4075-B6AB-5FD5A00B4EC2}.Release|Any CPU.Build.0 = Release|Any CPU
		{582264EB-DD83-43FA-92F6-26241AA1C774}.Debug|Any CPU.ActiveCfg = Debug|Any CPU
		{582264EB-DD83-43FA-92F6-26241AA1C774}.Debug|Any CPU.Build.0 = Debug|Any CPU
		{582264EB-DD83-43FA-92F6-26241AA1C774}.Release|Any CPU.ActiveCfg = Release|Any CPU
		{582264EB-DD83-43FA-92F6-26241AA1C774}.Release|Any CPU.Build.0 = Release|Any CPU
		{33FD86D8-99A5-4EF0-905F-D3485F7169B5}.Debug|Any CPU.ActiveCfg = Debug|Any CPU
		{33FD86D8-99A5-4EF0-905F-D3485F7169B5}.Debug|Any CPU.Build.0 = Debug|Any CPU
		{33FD86D8-99A5-4EF0-905F-D3485F7169B5}.Release|Any CPU.ActiveCfg = Release|Any CPU
		{33FD86D8-99A5-4EF0-905F-D3485F7169B5}.Release|Any CPU.Build.0 = Release|Any CPU
		{CEDAF6E9-D8D3-4509-8E41-CD7AB724C9D9}.Debug|Any CPU.ActiveCfg = Debug|Any CPU
		{CEDAF6E9-D8D3-4509-8E41-CD7AB724C9D9}.Debug|Any CPU.Build.0 = Debug|Any CPU
		{CEDAF6E9-D8D3-4509-8E41-CD7AB724C9D9}.Release|Any CPU.ActiveCfg = Release|Any CPU
		{CEDAF6E9-D8D3-4509-8E41-CD7AB724C9D9}.Release|Any CPU.Build.0 = Release|Any CPU
		{77E87155-A4FD-459B-846E-B921E48D26DD}.Debug|Any CPU.ActiveCfg = Debug|Any CPU
		{77E87155-A4FD-459B-846E-B921E48D26DD}.Debug|Any CPU.Build.0 = Debug|Any CPU
		{77E87155-A4FD-459B-846E-B921E48D26DD}.Release|Any CPU.ActiveCfg = Release|Any CPU
		{77E87155-A4FD-459B-846E-B921E48D26DD}.Release|Any CPU.Build.0 = Release|Any CPU
	EndGlobalSection
	GlobalSection(SolutionProperties) = preSolution
		HideSolutionNode = FALSE
	EndGlobalSection
	GlobalSection(ExtensibilityGlobals) = postSolution
		SolutionGuid = {D9E2930C-C127-427B-B482-59F46C41E5DB}
	EndGlobalSection
EndGlobal
